{
  "requires": true,
  "lockfileVersion": 1,
  "dependencies": {
    "jgraph": {
      "version": "0.2.0",
      "resolved": "https://registry.npmjs.org/jgraph/-/jgraph-0.2.0.tgz",
      "integrity": "sha1-wNelz+4E6JPgVsVvDW9rm2NjAwI=",
      "requires": {
        "jquery": "^2.1.4",
        "three": "^0.71.0"
      }
    },
    "jquery": {
      "version": "2.2.4",
      "resolved": "https://registry.npmjs.org/jquery/-/jquery-2.2.4.tgz",
      "integrity": "sha1-LInWiJterFIqfuoywUUhVZxsvwI="
    },
    "three": {
      "version": "0.71.1",
      "resolved": "https://registry.npmjs.org/three/-/three-0.71.1.tgz",
      "integrity": "sha1-kBDH0qt/8zACFuX/ILKubdQD/Xs="
    }
  }
}
